// !$*UTF8*$!
{
	archiveVersion = 1;
	classes = {
	};
	objectVersion = 56;
	objects = {

/* Begin PBXBuildFile section */
		1A9F60C32AA6E3640081449F /* AppDelegate.swift in Sources */ = {isa = PBXBuildFile; fileRef = 1A9F60C22AA6E3640081449F /* AppDelegate.swift */; };
		1A9F60C52AA6E3640081449F /* SceneDelegate.swift in Sources */ = {isa = PBXBuildFile; fileRef = 1A9F60C42AA6E3640081449F /* SceneDelegate.swift */; };
		1A9F60C72AA6E3640081449F /* ViewController.swift in Sources */ = {isa = PBXBuildFile; fileRef = 1A9F60C62AA6E3640081449F /* ViewController.swift */; };
		1A9F60CA2AA6E3640081449F /* Main.storyboard in Resources */ = {isa = PBXBuildFile; fileRef = 1A9F60C82AA6E3640081449F /* Main.storyboard */; };
		1A9F60CC2AA6E3640081449F /* Assets.xcassets in Resources */ = {isa = PBXBuildFile; fileRef = 1A9F60CB2AA6E3640081449F /* Assets.xcassets */; };
		1A9F60CF2AA6E3640081449F /* LaunchScreen.storyboard in Resources */ = {isa = PBXBuildFile; fileRef = 1A9F60CD2AA6E3640081449F /* LaunchScreen.storyboard */; };
		1A9F60ED2AA6EBED0081449F /* E.wav in Resources */ = {isa = PBXBuildFile; fileRef = 1A9F60E62AA6EBED0081449F /* E.wav */; };
		1A9F60EE2AA6EBED0081449F /* C.wav in Resources */ = {isa = PBXBuildFile; fileRef = 1A9F60E72AA6EBED0081449F /* C.wav */; };
		1A9F60EF2AA6EBED0081449F /* G.wav in Resources */ = {isa = PBXBuildFile; fileRef = 1A9F60E82AA6EBED0081449F /* G.wav */; };
		1A9F60F02AA6EBED0081449F /* B.wav in Resources */ = {isa = PBXBuildFile; fileRef = 1A9F60E92AA6EBED0081449F /* B.wav */; };
		1A9F60F12AA6EBED0081449F /* D.wav in Resources */ = {isa = PBXBuildFile; fileRef = 1A9F60EA2AA6EBED0081449F /* D.wav */; };
		1A9F60F22AA6EBED0081449F /* F.wav in Resources */ = {isa = PBXBuildFile; fileRef = 1A9F60EB2AA6EBED0081449F /* F.wav */; };
		1A9F60F32AA6EBED0081449F /* A.wav in Resources */ = {isa = PBXBuildFile; fileRef = 1A9F60EC2AA6EBED0081449F /* A.wav */; };
/* End PBXBuildFile section */

/* Begin PBXFileReference section */
		1A9F60BF2AA6E3640081449F /* SoundTingTIng.app */ = {isa = PBXFileReference; explicitFileType = wrapper.application; includeInIndex = 0; path = SoundTingTIng.app; sourceTree = BUILT_PRODUCTS_DIR; };
		1A9F60C22AA6E3640081449F /* AppDelegate.swift */ = {isa = PBXFileReference; lastKnownFileType = sourcecode.swift; path = AppDelegate.swift; sourceTree = "<group>"; };
		1A9F60C42AA6E3640081449F /* SceneDelegate.swift */ = {isa = PBXFileReference; lastKnownFileType = sourcecode.swift; path = SceneDelegate.swift; sourceTree = "<group>"; };
		1A9F60C62AA6E3640081449F /* ViewController.swift */ = {isa = PBXFileReference; lastKnownFileType = sourcecode.swift; path = ViewController.swift; sourceTree = "<group>"; };
		1A9F60C92AA6E3640081449F /* Base */ = {isa = PBXFileReference; lastKnownFileType = file.storyboard; name = Base; path = Base.lproj/Main.storyboard; sourceTree = "<group>"; };
		1A9F60CB2AA6E3640081449F /* Assets.xcassets */ = {isa = PBXFileReference; lastKnownFileType = folder.assetcatalog; path = Assets.xcassets; sourceTree = "<group>"; };
		1A9F60CE2AA6E3640081449F /* Base */ = {isa = PBXFileReference; lastKnownFileType = file.storyboard; name = Base; path = Base.lproj/LaunchScreen.storyboard; sourceTree = "<group>"; };
		1A9F60D02AA6E3640081449F /* Info.plist */ = {isa = PBXFileReference; lastKnownFileType = text.plist.xml; path = Info.plist; sourceTree = "<group>"; };
		1A9F60E62AA6EBED0081449F /* E.wav */ = {isa = PBXFileReference; lastKnownFileType = audio.wav; path = E.wav; sourceTree = "<group>"; };
		1A9F60E72AA6EBED0081449F /* C.wav */ = {isa = PBXFileReference; lastKnownFileType = audio.wav; path = C.wav; sourceTree = "<group>"; };
		1A9F60E82AA6EBED0081449F /* G.wav */ = {isa = PBXFileReference; lastKnownFileType = audio.wav; path = G.wav; sourceTree = "<group>"; };
		1A9F60E92AA6EBED0081449F /* B.wav */ = {isa = PBXFileReference; lastKnownFileType = audio.wav; path = B.wav; sourceTree = "<group>"; };
		1A9F60EA2AA6EBED0081449F /* D.wav */ = {isa = PBXFileReference; lastKnownFileType = audio.wav; path = D.wav; sourceTree = "<group>"; };
		1A9F60EB2AA6EBED0081449F /* F.wav */ = {isa = PBXFileReference; lastKnownFileType = audio.wav; path = F.wav; sourceTree = "<group>"; };
		1A9F60EC2AA6EBED0081449F /* A.wav */ = {isa = PBXFileReference; lastKnownFileType = audio.wav; path = A.wav; sourceTree = "<group>"; };
/* End PBXFileReference section */

/* Begin PBXFrameworksBuildPhase section */
		1A9F60BC2AA6E3640081449F /* Frameworks */ = {
			isa = PBXFrameworksBuildPhase;
			buildActionMask = 2147483647;
			files = (
			);
			runOnlyForDeploymentPostprocessing = 0;
		};
/* End PBXFrameworksBuildPhase section */

/* Begin PBXGroup section */
		1A9F60B62AA6E3640081449F = {
			isa = PBXGroup;
			children = (
				1A9F60C12AA6E3640081449F /* SoundTingTIng */,
				1A9F60C02AA6E3640081449F /* Products */,
			);
			sourceTree = "<group>";
		};
		1A9F60C02AA6E3640081449F /* Products */ = {
			isa = PBXGroup;
			children = (
				1A9F60BF2AA6E3640081449F /* SoundTingTIng.app */,
			);
			name = Products;
			sourceTree = "<group>";
		};
		1A9F60C12AA6E3640081449F /* SoundTingTIng */ = {
			isa = PBXGroup;
			children = (
				1A9F60C22AA6E3640081449F /* AppDelegate.swift */,
				1A9F60C42AA6E3640081449F /* SceneDelegate.swift */,
				1A9F60C62AA6E3640081449F /* ViewController.swift */,
				1A9F60C82AA6E3640081449F /* Main.storyboard */,
				1A9F60CB2AA6E3640081449F /* Assets.xcassets */,
				1A9F60CD2AA6E3640081449F /* LaunchScreen.storyboard */,
				1A9F60D02AA6E3640081449F /* Info.plist */,
				1A9F60E52AA6EBC50081449F /* Sounds */,
			);
			path = SoundTingTIng;
			sourceTree = "<group>";
		};
		1A9F60E52AA6EBC50081449F /* Sounds */ = {
			isa = PBXGroup;
			children = (
				1A9F60EC2AA6EBED0081449F /* A.wav */,
				1A9F60E92AA6EBED0081449F /* B.wav */,
				1A9F60E72AA6EBED0081449F /* C.wav */,
				1A9F60EA2AA6EBED0081449F /* D.wav */,
				1A9F60E62AA6EBED0081449F /* E.wav */,
				1A9F60EB2AA6EBED0081449F /* F.wav */,
				1A9F60E82AA6EBED0081449F /* G.wav */,
			);
			path = Sounds;
			sourceTree = "<group>";
		};
/* End PBXGroup section */

/* Begin PBXNativeTarget section */
		1A9F60BE2AA6E3640081449F /* SoundTingTIng */ = {
			isa = PBXNativeTarget;
			buildConfigurationList = 1A9F60D32AA6E3640081449F /* Build configuration list for PBXNativeTarget "SoundTingTIng" */;
			buildPhases = (
				1A9F60BB2AA6E3640081449F /* Sources */,
				1A9F60BC2AA6E3640081449F /* Frameworks */,
				1A9F60BD2AA6E3640081449F /* Resources */,
			);
			buildRules = (
			);
			dependencies = (
			);
			name = SoundTingTIng;
			productName = SoundTingTIng;
			productReference = 1A9F60BF2AA6E3640081449F /* SoundTingTIng.app */;
			productType = "com.apple.product-type.application";
		};
/* End PBXNativeTarget section */

/* Begin PBXProject section */
		1A9F60B72AA6E3640081449F /* Project object */ = {
			isa = PBXProject;
			attributes = {
				BuildIndependentTargetsInParallel = 1;
				LastSwiftUpdateCheck = 1430;
				LastUpgradeCheck = 1430;
				TargetAttributes = {
					1A9F60BE2AA6E3640081449F = {
						CreatedOnToolsVersion = 14.3;
					};
				};
			};
			buildConfigurationList = 1A9F60BA2AA6E3640081449F /* Build configuration list for PBXProject "SoundTingTIng" */;
			compatibilityVersion = "Xcode 14.0";
			developmentRegion = en;
			hasScannedForEncodings = 0;
			knownRegions = (
				en,
				Base,
			);
			mainGroup = 1A9F60B62AA6E3640081449F;
			productRefGroup = 1A9F60C02AA6E3640081449F /* Products */;
			projectDirPath = "";
			projectRoot = "";
			targets = (
				1A9F60BE2AA6E3640081449F /* SoundTingTIng */,
			);
		};
/* End PBXProject section */

/* Begin PBXResourcesBuildPhase section */
		1A9F60BD2AA6E3640081449F /* Resources */ = {
			isa = PBXResourcesBuildPhase;
			buildActionMask = 2147483647;
			files = (
				1A9F60EF2AA6EBED0081449F /* G.wav in Resources */,
				1A9F60CF2AA6E3640081449F /* LaunchScreen.storyboard in Resources */,
				1A9F60CC2AA6E3640081449F /* Assets.xcassets in Resources */,
				1A9F60F22AA6EBED0081449F /* F.wav in Resources */,
				1A9F60F02AA6EBED0081449F /* B.wav in Resources */,
				1A9F60ED2AA6EBED0081449F /* E.wav in Resources */,
				1A9F60F12AA6EBED0081449F /* D.wav in Resources */,
				1A9F60CA2AA6E3640081449F /* Main.storyboard in Resources */,
				1A9F60F32AA6EBED0081449F /* A.wav in Resources */,
				1A9F60EE2AA6EBED0081449F /* C.wav in Resources */,
			);
			runOnlyForDeploymentPostprocessing = 0;
		};
/* End PBXResourcesBuildPhase section */

/* Begin PBXSourcesBuildPhase section */
		1A9F60BB2AA6E3640081449F /* Sources */ = {
			isa = PBXSourcesBuildPhase;
			buildActionMask = 2147483647;
			files = (
				1A9F60C72AA6E3640081449F /* ViewController.swift in Sources */,
				1A9F60C32AA6E3640081449F /* AppDelegate.swift in Sources */,
				1A9F60C52AA6E3640081449F /* SceneDelegate.swift in Sources */,
			);
			runOnlyForDeploymentPostprocessing = 0;
		};
/* End PBXSourcesBuildPhase section */

/* Begin PBXVariantGroup section */
		1A9F60C82AA6E3640081449F /* Main.storyboard */ = {
			isa = PBXVariantGroup;
			children = (
				1A9F60C92AA6E3640081449F /* Base */,
			);
			name = Main.storyboard;
			sourceTree = "<group>";
		};
		1A9F60CD2AA6E3640081449F /* LaunchScreen.storyboard */ = {
			isa = PBXVariantGroup;
			children = (
				1A9F60CE2AA6E3640081449F /* Base */,
			);
			name = LaunchScreen.storyboard;
			sourceTree = "<group>";
		};
/* End PBXVariantGroup section */

/* Begin XCBuildConfiguration section */
		1A9F60D12AA6E3640081449F /* Debug */ = {
			isa = XCBuildConfiguration;
			buildSettings = {
				ALWAYS_SEARCH_USER_PATHS = NO;
				CLANG_ANALYZER_NONNULL = YES;
				CLANG_ANALYZER_NUMBER_OBJECT_CONVERSION = YES_AGGRESSIVE;
				CLANG_CXX_LANGUAGE_STANDARD = "gnu++20";
				CLANG_ENABLE_MODULES = YES;
				CLANG_ENABLE_OBJC_ARC = YES;
				CLANG_ENABLE_OBJC_WEAK = YES;
				CLANG_WARN_BLOCK_CAPTURE_AUTORELEASING = YES;
				CLANG_WARN_BOOL_CONVERSION = YES;
				CLANG_WARN_COMMA = YES;
				CLANG_WARN_CONSTANT_CONVERSION = YES;
				CLANG_WARN_DEPRECATED_OBJC_IMPLEMENTATIONS = YES;
				CLANG_WARN_DIRECT_OBJC_ISA_USAGE = YES_ERROR;
				CLANG_WARN_DOCUMENTATION_COMMENTS = YES;
				CLANG_WARN_EMPTY_BODY = YES;
				CLANG_WARN_ENUM_CONVERSION = YES;
				CLANG_WARN_INFINITE_RECURSION = YES;
				CLANG_WARN_INT_CONVERSION = YES;
				CLANG_WARN_NON_LITERAL_NULL_CONVERSION = YES;
				CLANG_WARN_OBJC_IMPLICIT_RETAIN_SELF = YES;
				CLANG_WARN_OBJC_LITERAL_CONVERSION = YES;
				CLANG_WARN_OBJC_ROOT_CLASS = YES_ERROR;
				CLANG_WARN_QUOTED_INCLUDE_IN_FRAMEWORK_HEADER = YES;
				CLANG_WARN_RANGE_LOOP_ANALYSIS = YES;
				CLANG_WARN_STRICT_PROTOTYPES = YES;
				CLANG_WARN_SUSPICIOUS_MOVE = YES;
				CLANG_WARN_UNGUARDED_AVAILABILITY = YES_AGGRESSIVE;
				CLANG_WARN_UNREACHABLE_CODE = YES;
				CLANG_WARN__DUPLICATE_METHOD_MATCH = YES;
				COPY_PHASE_STRIP = NO;
				DEBUG_INFORMATION_FORMAT = dwarf;
				ENABLE_STRICT_OBJC_MSGSEND = YES;
				ENABLE_TESTABILITY = YES;
				GCC_C_LANGUAGE_STANDARD = gnu11;
				GCC_DYNAMIC_NO_PIC = NO;
				GCC_NO_COMMON_BLOCKS = YES;
				GCC_OPTIMIZATION_LEVEL = 0;
				GCC_PREPROCESSOR_DEFINITIONS = (
					"DEBUG=1",
					"$(inherited)",
				);
				GCC_WARN_64_TO_32_BIT_CONVERSION = YES;
				GCC_WARN_ABOUT_RETURN_TYPE = YES_ERROR;
				GCC_WARN_UNDECLARED_SELECTOR = YES;
				GCC_WARN_UNINITIALIZED_AUTOS = YES_AGGRESSIVE;
				GCC_WARN_UNUSED_FUNCTION = YES;
				GCC_WARN_UNUSED_VARIABLE = YES;
				IPHONEOS_DEPLOYMENT_TARGET = 16.4;
				MTL_ENABLE_DEBUG_INFO = INCLUDE_SOURCE;
				MTL_FAST_MATH = YES;
				ONLY_ACTIVE_ARCH = YES;
				SDKROOT = iphoneos;
				SWIFT_ACTIVE_COMPILATION_CONDITIONS = DEBUG;
				SWIFT_OPTIMIZATION_LEVEL = "-Onone";
			};
			name = Debug;
		};
		1A9F60D22AA6E3640081449F /* Release */ = {
			isa = XCBuildConfiguration;
			buildSettings = {
				ALWAYS_SEARCH_USER_PATHS = NO;
				CLANG_ANALYZER_NONNULL = YES;
				CLANG_ANALYZER_NUMBER_OBJECT_CONVERSION = YES_AGGRESSIVE;
				CLANG_CXX_LANGUAGE_STANDARD = "gnu++20";
				CLANG_ENABLE_MODULES = YES;
				CLANG_ENABLE_OBJC_ARC = YES;
				CLANG_ENABLE_OBJC_WEAK = YES;
				CLANG_WARN_BLOCK_CAPTURE_AUTORELEASING = YES;
				CLANG_WARN_BOOL_CONVERSION = YES;
				CLANG_WARN_COMMA = YES;
				CLANG_WARN_CONSTANT_CONVERSION = YES;
				CLANG_WARN_DEPRECATED_OBJC_IMPLEMENTATIONS = YES;
				CLANG_WARN_DIRECT_OBJC_ISA_USAGE = YES_ERROR;
				CLANG_WARN_DOCUMENTATION_COMMENTS = YES;
				CLANG_WARN_EMPTY_BODY = YES;
				CLANG_WARN_ENUM_CONVERSION = YES;
				CLANG_WARN_INFINITE_RECURSION = YES;
				CLANG_WARN_INT_CONVERSION = YES;
				CLANG_WARN_NON_LITERAL_NULL_CONVERSION = YES;
				CLANG_WARN_OBJC_IMPLICIT_RETAIN_SELF = YES;
				CLANG_WARN_OBJC_LITERAL_CONVERSION = YES;
				CLANG_WARN_OBJC_ROOT_CLASS = YES_ERROR;
				CLANG_WARN_QUOTED_INCLUDE_IN_FRAMEWORK_HEADER = YES;
				CLANG_WARN_RANGE_LOOP_ANALYSIS = YES;
				CLANG_WARN_STRICT_PROTOTYPES = YES;
				CLANG_WARN_SUSPICIOUS_MOVE = YES;
				CLANG_WARN_UNGUARDED_AVAILABILITY = YES_AGGRESSIVE;
				CLANG_WARN_UNREACHABLE_CODE = YES;
				CLANG_WARN__DUPLICATE_METHOD_MATCH = YES;
				COPY_PHASE_STRIP = NO;
				DEBUG_INFORMATION_FORMAT = "dwarf-with-dsym";
				ENABLE_NS_ASSERTIONS = NO;
				ENABLE_STRICT_OBJC_MSGSEND = YES;
				GCC_C_LANGUAGE_STANDARD = gnu11;
				GCC_NO_COMMON_BLOCKS = YES;
				GCC_WARN_64_TO_32_BIT_CONVERSION = YES;
				GCC_WARN_ABOUT_RETURN_TYPE = YES_ERROR;
				GCC_WARN_UNDECLARED_SELECTOR = YES;
				GCC_WARN_UNINITIALIZED_AUTOS = YES_AGGRESSIVE;
				GCC_WARN_UNUSED_FUNCTION = YES;
				GCC_WARN_UNUSED_VARIABLE = YES;
				IPHONEOS_DEPLOYMENT_TARGET = 16.4;
				MTL_ENABLE_DEBUG_INFO = NO;
				MTL_FAST_MATH = YES;
				SDKROOT = iphoneos;
				SWIFT_COMPILATION_MODE = wholemodule;
				SWIFT_OPTIMIZATION_LEVEL = "-O";
				VALIDATE_PRODUCT = YES;
			};
			name = Release;
		};
		1A9F60D42AA6E3640081449F /* Debug */ = {
			isa = XCBuildConfiguration;
			buildSettings = {
				ASSETCATALOG_COMPILER_APPICON_NAME = AppIcon;
				ASSETCATALOG_COMPILER_GLOBAL_ACCENT_COLOR_NAME = AccentColor;
				CODE_SIGN_STYLE = Automatic;
				CURRENT_PROJECT_VERSION = 1;
				DEVELOPMENT_TEAM = YW92P4J9ZX;
				GENERATE_INFOPLIST_FILE = YES;
				INFOPLIST_FILE = SoundTingTIng/Info.plist;
				INFOPLIST_KEY_UIApplicationSupportsIndirectInputEvents = YES;
				INFOPLIST_KEY_UILaunchStoryboardName = LaunchScreen;
				INFOPLIST_KEY_UIMainStoryboardFile = Main;
				INFOPLIST_KEY_UIRequiresFullScreen = YES;
				INFOPLIST_KEY_UISupportedInterfaceOrientations = UIInterfaceOrientationLandscapeRight;
				LD_RUNPATH_SEARCH_PATHS = (
					"$(inherited)",
					"@executable_path/Frameworks",
				);
				MARKETING_VERSION = 1.0;
				PRODUCT_BUNDLE_IDENTIFIER = "Frio-Anbia.SoundTingTIng";
				PRODUCT_NAME = "$(TARGET_NAME)";
				SWIFT_EMIT_LOC_STRINGS = YES;
				SWIFT_VERSION = 5.0;
				TARGETED_DEVICE_FAMILY = "1,2";
			};
			name = Debug;
		};
		1A9F60D52AA6E3640081449F /* Release */ = {
			isa = XCBuildConfiguration;
			buildSettings = {
				ASSETCATALOG_COMPILER_APPICON_NAME = AppIcon;
				ASSETCATALOG_COMPILER_GLOBAL_ACCENT_COLOR_NAME = AccentColor;
				CODE_SIGN_STYLE = Automatic;
				CURRENT_PROJECT_VERSION = 1;
				DEVELOPMENT_TEAM = YW92P4J9ZX;
				GENERATE_INFOPLIST_FILE = YES;
				INFOPLIST_FILE = SoundTingTIng/Info.plist;
				INFOPLIST_KEY_UIApplicationSupportsIndirectInputEvents = YES;
				INFOPLIST_KEY_UILaunchStoryboardName = LaunchScreen;
				INFOPLIST_KEY_UIMainStoryboardFile = Main;
				INFOPLIST_KEY_UIRequiresFullScreen = YES;
				INFOPLIST_KEY_UISupportedInterfaceOrientations = UIInterfaceOrientationLandscapeRight;
				LD_RUNPATH_SEARCH_PATHS = (
					"$(inherited)",
					"@executable_path/Frameworks",
				);
				MARKETING_VERSION = 1.0;
				PRODUCT_BUNDLE_IDENTIFIER = "Frio-Anbia.SoundTingTIng";
				PRODUCT_NAME = "$(TARGET_NAME)";
				SWIFT_EMIT_LOC_STRINGS = YES;
				SWIFT_VERSION = 5.0;
				TARGETED_DEVICE_FAMILY = "1,2";
			};
			name = Release;
		};
/* End XCBuildConfiguration section */

/* Begin XCConfigurationList section */
		1A9F60BA2AA6E3640081449F /* Build configuration list for PBXProject "SoundTingTIng" */ = {
			isa = XCConfigurationList;
			buildConfigurations = (
				1A9F60D12AA6E3640081449F /* Debug */,
				1A9F60D22AA6E3640081449F /* Release */,
			);
			defaultConfigurationIsVisible = 0;
			defaultConfigurationName = Release;
		};
		1A9F60D32AA6E3640081449F /* Build configuration list for PBXNativeTarget "SoundTingTIng" */ = {
			isa = XCConfigurationList;
			buildConfigurations = (
				1A9F60D42AA6E3640081449F /* Debug */,
				1A9F60D52AA6E3640081449F /* Release */,
			);
			defaultConfigurationIsVisible = 0;
			defaultConfigurationName = Release;
		};
/* End XCConfigurationList section */
	};
	rootObject = 1A9F60B72AA6E3640081449F /* Project object */;
}
